{
  "name": "payments",
  "version": "1.0.0",
  "lockfileVersion": 2,
  "requires": true,
  "packages": {
    "": {
      "name": "payments",
      "version": "1.0.0",
      "license": "ISC",
      "dependencies": {
        "@paypal/sdk-client": "^4.0.168",
        "nuxt-stripe-module": "^3.2.0"
      }
    },
    "node_modules/@krakenjs/beaver-logger": {
      "version": "5.0.1",
      "resolved": "https://registry.npmjs.org/@krakenjs/beaver-logger/-/beaver-logger-5.0.1.tgz",
      "integrity": "sha512-eapRHEs4sJE22PwrzpNmv7AoJBnb9GhSyBTjaLUFUzeYM33FYDUKQM/zpAa7Q1thBA8rfaT6xtZ8PcXE1idV1w==",
      "dependencies": {
        "@krakenjs/belter": "^2.0.0",
        "@krakenjs/cross-domain-utils": "^3.0.0",
        "@krakenjs/zalgo-promise": "^2.0.0"
      }
    },
    "node_modules/@krakenjs/belter": {
      "version": "2.1.2",
      "resolved": "https://registry.npmjs.org/@krakenjs/belter/-/belter-2.1.2.tgz",
      "integrity": "sha512-9qg3xsfcMtljHyxYuin8/KDeqG80ecHCAbuqbHd8Cz0CszK4JvYS3tsmCzYnp6zfnR9uSRCuoj/dKWhZcJtqbg==",
      "dependencies": {
        "@krakenjs/cross-domain-safe-weakmap": "^2.0.2",
        "@krakenjs/cross-domain-utils": "^3.0.2",
        "@krakenjs/zalgo-promise": "^2.0.0"
      }
    },
    "node_modules/@krakenjs/cross-domain-safe-weakmap": {
      "version": "2.0.3",
      "resolved": "https://registry.npmjs.org/@krakenjs/cross-domain-safe-weakmap/-/cross-domain-safe-weakmap-2.0.3.tgz",
      "integrity": "sha512-WsGi6347ddZ9Y0HoBuTYCX2QTAHxYVaUs2T/0n8XJKXZOEJPnLWlW6eYAOgyyuUsYusWMAkYv00fvfxAlTU8/w==",
      "dependencies": {
        "@krakenjs/cross-domain-utils": "^3.0.2"
      }
    },
    "node_modules/@krakenjs/cross-domain-utils": {
      "version": "3.0.2",
      "resolved": "https://registry.npmjs.org/@krakenjs/cross-domain-utils/-/cross-domain-utils-3.0.2.tgz",
      "integrity": "sha512-uNTQrAevzKtOu13UZzamCR6rKX2vpdb6g/gVXMJVSMvAlYhxBN6mOD6U56DmSdBJDKvLSYZbIYUkBh2inDyIXQ=="
    },
    "node_modules/@krakenjs/jsx-pragmatic": {
      "version": "3.0.0",
      "resolved": "https://registry.npmjs.org/@krakenjs/jsx-pragmatic/-/jsx-pragmatic-3.0.0.tgz",
      "integrity": "sha512-mCFV7cuT9bhOip42nvoG5REjzKGGQrJfKbtcjBvF6yFHPpuQK2+tDKtCB6T3IJgFNaFVkCEuSmFTUYvvSpbNcA=="
    },
    "node_modules/@krakenjs/zalgo-promise": {
      "version": "2.0.1",
      "resolved": "https://registry.npmjs.org/@krakenjs/zalgo-promise/-/zalgo-promise-2.0.1.tgz",
      "integrity": "sha512-n30eknZjD7z8/joFqjI8FIDZ0yJPZHcQBce1B3tAumwNZL0C42Ta/w37MfthxHV61JHEFGfy7b727h/kzagJDA=="
    },
    "node_modules/@paypal/sdk-client": {
      "version": "4.0.168",
      "resolved": "https://registry.npmjs.org/@paypal/sdk-client/-/sdk-client-4.0.168.tgz",
      "integrity": "sha512-XoX1cZSBB1C/c33H5OSKxP4tTtXRz4TmDa8aI577E2qcgPs98u1yih23Vm9BKHnC1ImnlzbOddkEngxLe+pYNQ==",
      "dependencies": {
        "@krakenjs/beaver-logger": "^5.0.0",
        "@krakenjs/belter": "^2.0.0",
        "@krakenjs/cross-domain-utils": "^3.0.2",
        "@krakenjs/jsx-pragmatic": "^3.0.0",
        "@krakenjs/zalgo-promise": "^2.0.0",
        "@paypal/sdk-constants": "^1.0.94",
        "bowser": "^2.0.0"
      }
    },
    "node_modules/@paypal/sdk-constants": {
      "version": "1.0.122",
      "resolved": "https://registry.npmjs.org/@paypal/sdk-constants/-/sdk-constants-1.0.122.tgz",
      "integrity": "sha512-bxML2CX9acBGuigb5aCz1E8wcxtRpuXuY2hvfQKAG9fB0zG9d8nEcRiSYavbx4n2UM5TqwEcFo/roPD3aqykOg==",
      "dependencies": {
        "hi-base32": "^0.5.0"
      }
    },
    "node_modules/@stripe/stripe-js": {
      "version": "1.34.0",
      "resolved": "https://registry.npmjs.org/@stripe/stripe-js/-/stripe-js-1.34.0.tgz",
      "integrity": "sha512-fFuchE1mK2GWyZmTS87L6NaIvKo4yIj3SpkTuHY41A7frfB07/3z8l1jBrHKGzvVnlFkeCVnEvfMjBmdlqcO6w=="
    },
    "node_modules/bowser": {
      "version": "2.11.0",
      "resolved": "https://registry.npmjs.org/bowser/-/bowser-2.11.0.tgz",
      "integrity": "sha512-AlcaJBi/pqqJBIQ8U9Mcpc9i8Aqxn88Skv5d+xBX006BY5u8N3mGLHa5Lgppa7L/HfwgwLgZ6NYs+Ag6uUmJRA=="
    },
    "node_modules/hi-base32": {
      "version": "0.5.1",
      "resolved": "https://registry.npmjs.org/hi-base32/-/hi-base32-0.5.1.tgz",
      "integrity": "sha512-EmBBpvdYh/4XxsnUybsPag6VikPYnN30td+vQk+GI3qpahVEG9+gTkG0aXVxTjBqQ5T6ijbWIu77O+C5WFWsnA=="
    },
    "node_modules/nuxt-stripe-module": {
      "version": "3.2.0",
      "resolved": "https://registry.npmjs.org/nuxt-stripe-module/-/nuxt-stripe-module-3.2.0.tgz",
      "integrity": "sha512-Ra9Ve0BfUP6OvJ3o/GUfzwMgSPzhYWp7WPK2WE+T4rgXOx1rbjDx8DH3WRMJNPIRNXziLcdez3EeDPQ7LffQDw==",
      "dependencies": {
        "@stripe/stripe-js": "^1.11.0"
      }
    }
  },
  "dependencies": {
    "@krakenjs/beaver-logger": {
      "version": "5.0.1",
      "resolved": "https://registry.npmjs.org/@krakenjs/beaver-logger/-/beaver-logger-5.0.1.tgz",
      "integrity": "sha512-eapRHEs4sJE22PwrzpNmv7AoJBnb9GhSyBTjaLUFUzeYM33FYDUKQM/zpAa7Q1thBA8rfaT6xtZ8PcXE1idV1w==",
      "requires": {
        "@krakenjs/belter": "^2.0.0",
        "@krakenjs/cross-domain-utils": "^3.0.0",
        "@krakenjs/zalgo-promise": "^2.0.0"
      }
    },
    "@krakenjs/belter": {
      "version": "2.1.2",
      "resolved": "https://registry.npmjs.org/@krakenjs/belter/-/belter-2.1.2.tgz",
      "integrity": "sha512-9qg3xsfcMtljHyxYuin8/KDeqG80ecHCAbuqbHd8Cz0CszK4JvYS3tsmCzYnp6zfnR9uSRCuoj/dKWhZcJtqbg==",
      "requires": {
        "@krakenjs/cross-domain-safe-weakmap": "^2.0.2",
        "@krakenjs/cross-domain-utils": "^3.0.2",
        "@krakenjs/zalgo-promise": "^2.0.0"
      }
    },
    "@krakenjs/cross-domain-safe-weakmap": {
      "version": "2.0.3",
      "resolved": "https://registry.npmjs.org/@krakenjs/cross-domain-safe-weakmap/-/cross-domain-safe-weakmap-2.0.3.tgz",
      "integrity": "sha512-WsGi6347ddZ9Y0HoBuTYCX2QTAHxYVaUs2T/0n8XJKXZOEJPnLWlW6eYAOgyyuUsYusWMAkYv00fvfxAlTU8/w==",
      "requires": {
        "@krakenjs/cross-domain-utils": "^3.0.2"
      }
    },
    "@krakenjs/cross-domain-utils": {
      "version": "3.0.2",
      "resolved": "https://registry.npmjs.org/@krakenjs/cross-domain-utils/-/cross-domain-utils-3.0.2.tgz",
      "integrity": "sha512-uNTQrAevzKtOu13UZzamCR6rKX2vpdb6g/gVXMJVSMvAlYhxBN6mOD6U56DmSdBJDKvLSYZbIYUkBh2inDyIXQ=="
    },
    "@krakenjs/jsx-pragmatic": {
      "version": "3.0.0",
      "resolved": "https://registry.npmjs.org/@krakenjs/jsx-pragmatic/-/jsx-pragmatic-3.0.0.tgz",
      "integrity": "sha512-mCFV7cuT9bhOip42nvoG5REjzKGGQrJfKbtcjBvF6yFHPpuQK2+tDKtCB6T3IJgFNaFVkCEuSmFTUYvvSpbNcA=="
    },
    "@krakenjs/zalgo-promise": {
      "version": "2.0.1",
      "resolved": "https://registry.npmjs.org/@krakenjs/zalgo-promise/-/zalgo-promise-2.0.1.tgz",
      "integrity": "sha512-n30eknZjD7z8/joFqjI8FIDZ0yJPZHcQBce1B3tAumwNZL0C42Ta/w37MfthxHV61JHEFGfy7b727h/kzagJDA=="
    },
    "@paypal/sdk-client": {
      "version": "4.0.168",
      "resolved": "https://registry.npmjs.org/@paypal/sdk-client/-/sdk-client-4.0.168.tgz",
      "integrity": "sha512-XoX1cZSBB1C/c33H5OSKxP4tTtXRz4TmDa8aI577E2qcgPs98u1yih23Vm9BKHnC1ImnlzbOddkEngxLe+pYNQ==",
      "requires": {
        "@krakenjs/beaver-logger": "^5.0.0",
        "@krakenjs/belter": "^2.0.0",
        "@krakenjs/cross-domain-utils": "^3.0.2",
        "@krakenjs/jsx-pragmatic": "^3.0.0",
        "@krakenjs/zalgo-promise": "^2.0.0",
        "@paypal/sdk-constants": "^1.0.94",
        "bowser": "^2.0.0"
      }
    },
    "@paypal/sdk-constants": {
      "version": "1.0.122",
      "resolved": "https://registry.npmjs.org/@paypal/sdk-constants/-/sdk-constants-1.0.122.tgz",
      "integrity": "sha512-bxML2CX9acBGuigb5aCz1E8wcxtRpuXuY2hvfQKAG9fB0zG9d8nEcRiSYavbx4n2UM5TqwEcFo/roPD3aqykOg==",
      "requires": {
        "hi-base32": "^0.5.0"
      }
    },
    "@stripe/stripe-js": {
      "version": "1.34.0",
      "resolved": "https://registry.npmjs.org/@stripe/stripe-js/-/stripe-js-1.34.0.tgz",
      "integrity": "sha512-fFuchE1mK2GWyZmTS87L6NaIvKo4yIj3SpkTuHY41A7frfB07/3z8l1jBrHKGzvVnlFkeCVnEvfMjBmdlqcO6w=="
    },
    "bowser": {
      "version": "2.11.0",
      "resolved": "https://registry.npmjs.org/bowser/-/bowser-2.11.0.tgz",
      "integrity": "sha512-AlcaJBi/pqqJBIQ8U9Mcpc9i8Aqxn88Skv5d+xBX006BY5u8N3mGLHa5Lgppa7L/HfwgwLgZ6NYs+Ag6uUmJRA=="
    },
    "hi-base32": {
      "version": "0.5.1",
      "resolved": "https://registry.npmjs.org/hi-base32/-/hi-base32-0.5.1.tgz",
      "integrity": "sha512-EmBBpvdYh/4XxsnUybsPag6VikPYnN30td+vQk+GI3qpahVEG9+gTkG0aXVxTjBqQ5T6ijbWIu77O+C5WFWsnA=="
    },
    "nuxt-stripe-module": {
      "version": "3.2.0",
      "resolved": "https://registry.npmjs.org/nuxt-stripe-module/-/nuxt-stripe-module-3.2.0.tgz",
      "integrity": "sha512-Ra9Ve0BfUP6OvJ3o/GUfzwMgSPzhYWp7WPK2WE+T4rgXOx1rbjDx8DH3WRMJNPIRNXziLcdez3EeDPQ7LffQDw==",
      "requires": {
        "@stripe/stripe-js": "^1.11.0"
      }
    }
  }
}
